
Microsoft Visual Studio Solution File, Format Version 12.00
# Visual Studio Version 16
VisualStudioVersion = 16.0.32228.343
MinimumVisualStudioVersion = 10.0.40219.1
Project("{FAE04EC0-301F-11D3-BF4B-00C04F79EFBC}") = "WebApplicationKnow", "WebApplicationKnow\WebApplicationKnow.csproj", "{1946F840-C666-4703-93B2-EA72C86740D1}"
EndProject
Project("{FAE04EC0-301F-11D3-BF4B-00C04F79EFBC}") = "EducationalCenter", "EducationalCenter\EducationalCenter.csproj", "{274A3976-7863-4AA5-9961-0C8E2852DDA8}"
EndProject
Project("{FAE04EC0-301F-11D3-BF4B-00C04F79EFBC}") = "MAbileApp.Android", "MAbileApp\MAbileApp.Android\MAbileApp.Android.csproj", "{2FB9B22B-9F16-49EB-B059-FB3992B25817}"
EndProject
Project("{FAE04EC0-301F-11D3-BF4B-00C04F79EFBC}") = "MAbileApp", "MAbileApp\MAbileApp\MAbileApp.csproj", "{60001196-EDCE-4701-B9AE-DAF53C5D1763}"
EndProject
Global
	GlobalSection(SolutionConfigurationPlatforms) = preSolution
		Debug|Any CPU = Debug|Any CPU
		Release|Any CPU = Release|Any CPU
	EndGlobalSection
	GlobalSection(ProjectConfigurationPlatforms) = postSolution
		{1946F840-C666-4703-93B2-EA72C86740D1}.Debug|Any CPU.ActiveCfg = Debug|Any CPU
		{1946F840-C666-4703-93B2-EA72C86740D1}.Debug|Any CPU.Build.0 = Debug|Any CPU
		{1946F840-C666-4703-93B2-EA72C86740D1}.Release|Any CPU.ActiveCfg = Release|Any CPU
		{1946F840-C666-4703-93B2-EA72C86740D1}.Release|Any CPU.Build.0 = Release|Any CPU
		{274A3976-7863-4AA5-9961-0C8E2852DDA8}.Debug|Any CPU.ActiveCfg = Debug|Any CPU
		{274A3976-7863-4AA5-9961-0C8E2852DDA8}.Debug|Any CPU.Build.0 = Debug|Any CPU
		{274A3976-7863-4AA5-9961-0C8E2852DDA8}.Release|Any CPU.ActiveCfg = Release|Any CPU
		{274A3976-7863-4AA5-9961-0C8E2852DDA8}.Release|Any CPU.Build.0 = Release|Any CPU
		{2FB9B22B-9F16-49EB-B059-FB3992B25817}.Debug|Any CPU.ActiveCfg = Debug|Any CPU
		{2FB9B22B-9F16-49EB-B059-FB3992B25817}.Debug|Any CPU.Build.0 = Debug|Any CPU
		{2FB9B22B-9F16-49EB-B059-FB3992B25817}.Debug|Any CPU.Deploy.0 = Debug|Any CPU
		{2FB9B22B-9F16-49EB-B059-FB3992B25817}.Release|Any CPU.ActiveCfg = Release|Any CPU
		{2FB9B22B-9F16-49EB-B059-FB3992B25817}.Release|Any CPU.Build.0 = Release|Any CPU
		{2FB9B22B-9F16-49EB-B059-FB3992B25817}.Release|Any CPU.Deploy.0 = Release|Any CPU
		{60001196-EDCE-4701-B9AE-DAF53C5D1763}.Debug|Any CPU.ActiveCfg = Debug|Any CPU
		{60001196-EDCE-4701-B9AE-DAF53C5D1763}.Debug|Any CPU.Build.0 = Debug|Any CPU
		{60001196-EDCE-4701-B9AE-DAF53C5D1763}.Release|Any CPU.ActiveCfg = Release|Any CPU
		{60001196-EDCE-4701-B9AE-DAF53C5D1763}.Release|Any CPU.Build.0 = Release|Any CPU
	EndGlobalSection
	GlobalSection(SolutionProperties) = preSolution
		HideSolutionNode = FALSE
	EndGlobalSection
	GlobalSection(ExtensibilityGlobals) = postSolution
		SolutionGuid = {C5432281-CD66-44EB-BC0D-C4BC14824EC6}
	EndGlobalSection
EndGlobal
